
Microsoft Visual Studio Solution File, Format Version 11.00
# Visual Studio 2010
Project("{FAE04EC0-301F-11D3-BF4B-00C04F79EFBC}") = "Block's Shadow", "Assembly-CSharp.csproj", "{72F33692-6E26-AD6F-809F-898C252AC11E}"
EndProject
Project("{FAE04EC0-301F-11D3-BF4B-00C04F79EFBC}") = "Block's Shadow", "Assembly-CSharp-Editor.csproj", "{21BB54CF-7DB1-F572-2742-1F6018F42AED}"
EndProject
Global
	GlobalSection(SolutionConfigurationPlatforms) = preSolution
		Debug|Any CPU = Debug|Any CPU
		Release|Any CPU = Release|Any CPU
	EndGlobalSection
	GlobalSection(ProjectConfigurationPlatforms) = postSolution
		{72F33692-6E26-AD6F-809F-898C252AC11E}.Debug|Any CPU.ActiveCfg = Debug|Any CPU
		{72F33692-6E26-AD6F-809F-898C252AC11E}.Debug|Any CPU.Build.0 = Debug|Any CPU
		{72F33692-6E26-AD6F-809F-898C252AC11E}.Release|Any CPU.ActiveCfg = Release|Any CPU
		{72F33692-6E26-AD6F-809F-898C252AC11E}.Release|Any CPU.Build.0 = Release|Any CPU
		{21BB54CF-7DB1-F572-2742-1F6018F42AED}.Debug|Any CPU.ActiveCfg = Debug|Any CPU
		{21BB54CF-7DB1-F572-2742-1F6018F42AED}.Debug|Any CPU.Build.0 = Debug|Any CPU
		{21BB54CF-7DB1-F572-2742-1F6018F42AED}.Release|Any CPU.ActiveCfg = Release|Any CPU
		{21BB54CF-7DB1-F572-2742-1F6018F42AED}.Release|Any CPU.Build.0 = Release|Any CPU
	EndGlobalSection
	GlobalSection(SolutionProperties) = preSolution
		HideSolutionNode = FALSE
	EndGlobalSection
	GlobalSection(MonoDevelopProperties) = preSolution
		StartupItem = Assembly-CSharp.csproj
	EndGlobalSection
EndGlobal
